
Microsoft Visual Studio Solution File, Format Version 12.00
# Visual Studio Version 17
VisualStudioVersion = 17.1.32228.430
MinimumVisualStudioVersion = 10.0.40219.1
Project("{9A19103F-16F7-4668-BE54-9A1E7A4F7556}") = "TESTE_RFID", "TESTE_RFID.csproj", "{71A0CE4C-6A90-4660-B7E3-6F8979080723}"
EndProject
Project("{FAE04EC0-301F-11D3-BF4B-00C04F79EFBC}") = "TESTE_RFID_FRAMEWORK", "..\TESTE_RFID_FRAMEWORK\TESTE_RFID_FRAMEWORK.csproj", "{399DB64D-9A84-48B3-A3FD-C911EE15B845}"
EndProject
Global
	GlobalSection(SolutionConfigurationPlatforms) = preSolution
		Debug|Any CPU = Debug|Any CPU
		Release|Any CPU = Release|Any CPU
	EndGlobalSection
	GlobalSection(ProjectConfigurationPlatforms) = postSolution
		{71A0CE4C-6A90-4660-B7E3-6F8979080723}.Debug|Any CPU.ActiveCfg = Debug|Any CPU
		{71A0CE4C-6A90-4660-B7E3-6F8979080723}.Debug|Any CPU.Build.0 = Debug|Any CPU
		{71A0CE4C-6A90-4660-B7E3-6F8979080723}.Release|Any CPU.ActiveCfg = Release|Any CPU
		{71A0CE4C-6A90-4660-B7E3-6F8979080723}.Release|Any CPU.Build.0 = Release|Any CPU
		{399DB64D-9A84-48B3-A3FD-C911EE15B845}.Debug|Any CPU.ActiveCfg = Debug|Any CPU
		{399DB64D-9A84-48B3-A3FD-C911EE15B845}.Debug|Any CPU.Build.0 = Debug|Any CPU
		{399DB64D-9A84-48B3-A3FD-C911EE15B845}.Release|Any CPU.ActiveCfg = Release|Any CPU
		{399DB64D-9A84-48B3-A3FD-C911EE15B845}.Release|Any CPU.Build.0 = Release|Any CPU
	EndGlobalSection
	GlobalSection(SolutionProperties) = preSolution
		HideSolutionNode = FALSE
	EndGlobalSection
	GlobalSection(ExtensibilityGlobals) = postSolution
		SolutionGuid = {14B84748-8997-4A28-982E-499CCD517612}
	EndGlobalSection
EndGlobal
